
Microsoft Visual Studio Solution File, Format Version 12.00
# Visual Studio Version 17
VisualStudioVersion = 17.4.33205.214
MinimumVisualStudioVersion = 10.0.40219.1
Project("{FAE04EC0-301F-11D3-BF4B-00C04F79EFBC}") = "WpfApp0", "WpfApp0\WpfApp0.csproj", "{C8757C70-3A24-4C38-97B3-E14A153069D6}"
EndProject
Global
	GlobalSection(SolutionConfigurationPlatforms) = preSolution
		Debug|Any CPU = Debug|Any CPU
		Release|Any CPU = Release|Any CPU
	EndGlobalSection
	GlobalSection(ProjectConfigurationPlatforms) = postSolution
		{C8757C70-3A24-4C38-97B3-E14A153069D6}.Debug|Any CPU.ActiveCfg = Debug|Any CPU
		{C8757C70-3A24-4C38-97B3-E14A153069D6}.Debug|Any CPU.Build.0 = Debug|Any CPU
		{C8757C70-3A24-4C38-97B3-E14A153069D6}.Release|Any CPU.ActiveCfg = Release|Any CPU
		{C8757C70-3A24-4C38-97B3-E14A153069D6}.Release|Any CPU.Build.0 = Release|Any CPU
	EndGlobalSection
	GlobalSection(SolutionProperties) = preSolution
		HideSolutionNode = FALSE
	EndGlobalSection
	GlobalSection(ExtensibilityGlobals) = postSolution
		SolutionGuid = {7E19424B-29AE-4E1F-ACA6-73D1D2EBF949}
	EndGlobalSection
EndGlobal
